<Solution>
  <Project Path="Storage.Business/Storage.Business.csproj" Id="4ac8da1b-4170-4ed4-8e7b-64de77f6734a" />
  <Project Path="Storage.ConsoleApp/Storage.ConsoleApp.csproj" Id="b49c9f3e-ccdc-4cad-a57c-b68f032457f8" />
  <Project Path="Storage.Domain/Storage.Domain.csproj" />
  <Project Path="Storage.Infra/Storage.Infra.csproj" />
  <Project Path="Storage.Test.Integration/Storage.Test.Integration.csproj" Id="e497b827-6854-40f7-97ca-08fae19d4745" />
  <Project Path="Storage.WebApi/Storage.WebApi.csproj" Id="7128dbc8-f4cf-44e7-8261-5a6f75c31faf" />
</Solution>
